// !$*UTF8*$!
{
	archiveVersion = 1;
	classes = {
	};
	objectVersion = 55;
	objects = {

/* Begin PBXBuildFile section */
		021B06D9279E6E540009046F /* AppDelegate.swift in Sources */ = {isa = PBXBuildFile; fileRef = 021B06D8279E6E540009046F /* AppDelegate.swift */; };
		021B06DB279E6E540009046F /* SceneDelegate.swift in Sources */ = {isa = PBXBuildFile; fileRef = 021B06DA279E6E540009046F /* SceneDelegate.swift */; };
		021B06DD279E6E540009046F /* ViewController.swift in Sources */ = {isa = PBXBuildFile; fileRef = 021B06DC279E6E540009046F /* ViewController.swift */; };
		021B06E0279E6E540009046F /* Main.storyboard in Resources */ = {isa = PBXBuildFile; fileRef = 021B06DE279E6E540009046F /* Main.storyboard */; };
		021B06E2279E6E550009046F /* Assets.xcassets in Resources */ = {isa = PBXBuildFile; fileRef = 021B06E1279E6E550009046F /* Assets.xcassets */; };
		021B06E5279E6E550009046F /* LaunchScreen.storyboard in Resources */ = {isa = PBXBuildFile; fileRef = 021B06E3279E6E550009046F /* LaunchScreen.storyboard */; };
		021B06F0279E6E560009046F /* ClassApp0Tests.swift in Sources */ = {isa = PBXBuildFile; fileRef = 021B06EF279E6E560009046F /* ClassApp0Tests.swift */; };
		021B06FA279E6E560009046F /* ClassApp0UITests.swift in Sources */ = {isa = PBXBuildFile; fileRef = 021B06F9279E6E560009046F /* ClassApp0UITests.swift */; };
		021B06FC279E6E560009046F /* ClassApp0UITestsLaunchTests.swift in Sources */ = {isa = PBXBuildFile; fileRef = 021B06FB279E6E560009046F /* ClassApp0UITestsLaunchTests.swift */; };
/* End PBXBuildFile section */

/* Begin PBXContainerItemProxy section */
		021B06EC279E6E560009046F /* PBXContainerItemProxy */ = {
			isa = PBXContainerItemProxy;
			containerPortal = 021B06CD279E6E540009046F /* Project object */;
			proxyType = 1;
			remoteGlobalIDString = 021B06D4279E6E540009046F;
			remoteInfo = ClassApp0;
		};
		021B06F6279E6E560009046F /* PBXContainerItemProxy */ = {
			isa = PBXContainerItemProxy;
			containerPortal = 021B06CD279E6E540009046F /* Project object */;
			proxyType = 1;
			remoteGlobalIDString = 021B06D4279E6E540009046F;
			remoteInfo = ClassApp0;
		};
/* End PBXContainerItemProxy section */

/* Begin PBXFileReference section */
		021B06D5279E6E540009046F /* ClassApp0.app */ = {isa = PBXFileReference; explicitFileType = wrapper.application; includeInIndex = 0; path = ClassApp0.app; sourceTree = BUILT_PRODUCTS_DIR; };
		021B06D8279E6E540009046F /* AppDelegate.swift */ = {isa = PBXFileReference; lastKnownFileType = sourcecode.swift; path = AppDelegate.swift; sourceTree = "<group>"; };
		021B06DA279E6E540009046F /* SceneDelegate.swift */ = {isa = PBXFileReference; lastKnownFileType = sourcecode.swift; path = SceneDelegate.swift; sourceTree = "<group>"; };
		021B06DC279E6E540009046F /* ViewController.swift */ = {isa = PBXFileReference; lastKnownFileType = sourcecode.swift; path = ViewController.swift; sourceTree = "<group>"; };
		021B06DF279E6E540009046F /* Base */ = {isa = PBXFileReference; lastKnownFileType = file.storyboard; name = Base; path = Base.lproj/Main.storyboard; sourceTree = "<group>"; };
		021B06E1279E6E550009046F /* Assets.xcassets */ = {isa = PBXFileReference; lastKnownFileType = folder.assetcatalog; path = Assets.xcassets; sourceTree = "<group>"; };
		021B06E4279E6E550009046F /* Base */ = {isa = PBXFileReference; lastKnownFileType = file.storyboard; name = Base; path = Base.lproj/LaunchScreen.storyboard; sourceTree = "<group>"; };
		021B06E6279E6E560009046F /* Info.plist */ = {isa = PBXFileReference; lastKnownFileType = text.plist.xml; path = Info.plist; sourceTree = "<group>"; };
		021B06EB279E6E560009046F /* ClassApp0Tests.xctest */ = {isa = PBXFileReference; explicitFileType = wrapper.cfbundle; includeInIndex = 0; path = ClassApp0Tests.xctest; sourceTree = BUILT_PRODUCTS_DIR; };
		021B06EF279E6E560009046F /* ClassApp0Tests.swift */ = {isa = PBXFileReference; lastKnownFileType = sourcecode.swift; path = ClassApp0Tests.swift; sourceTree = "<group>"; };
		021B06F5279E6E560009046F /* ClassApp0UITests.xctest */ = {isa = PBXFileReference; explicitFileType = wrapper.cfbundle; includeInIndex = 0; path = ClassApp0UITests.xctest; sourceTree = BUILT_PRODUCTS_DIR; };
		021B06F9279E6E560009046F /* ClassApp0UITests.swift */ = {isa = PBXFileReference; lastKnownFileType = sourcecode.swift; path = ClassApp0UITests.swift; sourceTree = "<group>"; };
		021B06FB279E6E560009046F /* ClassApp0UITestsLaunchTests.swift */ = {isa = PBXFileReference; lastKnownFileType = sourcecode.swift; path = ClassApp0UITestsLaunchTests.swift; sourceTree = "<group>"; };
/* End PBXFileReference section */

/* Begin PBXFrameworksBuildPhase section */
		021B06D2279E6E540009046F /* Frameworks */ = {
			isa = PBXFrameworksBuildPhase;
			buildActionMask = 2147483647;
			files = (
			);
			runOnlyForDeploymentPostprocessing = 0;
		};
		021B06E8279E6E560009046F /* Frameworks */ = {
			isa = PBXFrameworksBuildPhase;
			buildActionMask = 2147483647;
			files = (
			);
			runOnlyForDeploymentPostprocessing = 0;
		};
		021B06F2279E6E560009046F /* Frameworks */ = {
			isa = PBXFrameworksBuildPhase;
			buildActionMask = 2147483647;
			files = (
			);
			runOnlyForDeploymentPostprocessing = 0;
		};
/* End PBXFrameworksBuildPhase section */

/* Begin PBXGroup section */
		021B06CC279E6E540009046F = {
			isa = PBXGroup;
			children = (
				021B06D7279E6E540009046F /* ClassApp0 */,
				021B06EE279E6E560009046F /* ClassApp0Tests */,
				021B06F8279E6E560009046F /* ClassApp0UITests */,
				021B06D6279E6E540009046F /* Products */,
			);
			sourceTree = "<group>";
		};
		021B06D6279E6E540009046F /* Products */ = {
			isa = PBXGroup;
			children = (
				021B06D5279E6E540009046F /* ClassApp0.app */,
				021B06EB279E6E560009046F /* ClassApp0Tests.xctest */,
				021B06F5279E6E560009046F /* ClassApp0UITests.xctest */,
			);
			name = Products;
			sourceTree = "<group>";
		};
		021B06D7279E6E540009046F /* ClassApp0 */ = {
			isa = PBXGroup;
			children = (
				021B06D8279E6E540009046F /* AppDelegate.swift */,
				021B06DA279E6E540009046F /* SceneDelegate.swift */,
				021B06DC279E6E540009046F /* ViewController.swift */,
				021B06DE279E6E540009046F /* Main.storyboard */,
				021B06E1279E6E550009046F /* Assets.xcassets */,
				021B06E3279E6E550009046F /* LaunchScreen.storyboard */,
				021B06E6279E6E560009046F /* Info.plist */,
			);
			path = ClassApp0;
			sourceTree = "<group>";
		};
		021B06EE279E6E560009046F /* ClassApp0Tests */ = {
			isa = PBXGroup;
			children = (
				021B06EF279E6E560009046F /* ClassApp0Tests.swift */,
			);
			path = ClassApp0Tests;
			sourceTree = "<group>";
		};
		021B06F8279E6E560009046F /* ClassApp0UITests */ = {
			isa = PBXGroup;
			children = (
				021B06F9279E6E560009046F /* ClassApp0UITests.swift */,
				021B06FB279E6E560009046F /* ClassApp0UITestsLaunchTests.swift */,
			);
			path = ClassApp0UITests;
			sourceTree = "<group>";
		};
/* End PBXGroup section */

/* Begin PBXNativeTarget section */
		021B06D4279E6E540009046F /* ClassApp0 */ = {
			isa = PBXNativeTarget;
			buildConfigurationList = 021B06FF279E6E560009046F /* Build configuration list for PBXNativeTarget "ClassApp0" */;
			buildPhases = (
				021B06D1279E6E540009046F /* Sources */,
				021B06D2279E6E540009046F /* Frameworks */,
				021B06D3279E6E540009046F /* Resources */,
			);
			buildRules = (
			);
			dependencies = (
			);
			name = ClassApp0;
			productName = ClassApp0;
			productReference = 021B06D5279E6E540009046F /* ClassApp0.app */;
			productType = "com.apple.product-type.application";
		};
		021B06EA279E6E560009046F /* ClassApp0Tests */ = {
			isa = PBXNativeTarget;
			buildConfigurationList = 021B0702279E6E560009046F /* Build configuration list for PBXNativeTarget "ClassApp0Tests" */;
			buildPhases = (
				021B06E7279E6E560009046F /* Sources */,
				021B06E8279E6E560009046F /* Frameworks */,
				021B06E9279E6E560009046F /* Resources */,
			);
			buildRules = (
			);
			dependencies = (
				021B06ED279E6E560009046F /* PBXTargetDependency */,
			);
			name = ClassApp0Tests;
			productName = ClassApp0Tests;
			productReference = 021B06EB279E6E560009046F /* ClassApp0Tests.xctest */;
			productType = "com.apple.product-type.bundle.unit-test";
		};
		021B06F4279E6E560009046F /* ClassApp0UITests */ = {
			isa = PBXNativeTarget;
			buildConfigurationList = 021B0705279E6E560009046F /* Build configuration list for PBXNativeTarget "ClassApp0UITests" */;
			buildPhases = (
				021B06F1279E6E560009046F /* Sources */,
				021B06F2279E6E560009046F /* Frameworks */,
				021B06F3279E6E560009046F /* Resources */,
			);
			buildRules = (
			);
			dependencies = (
				021B06F7279E6E560009046F /* PBXTargetDependency */,
			);
			name = ClassApp0UITests;
			productName = ClassApp0UITests;
			productReference = 021B06F5279E6E560009046F /* ClassApp0UITests.xctest */;
			productType = "com.apple.product-type.bundle.ui-testing";
		};
/* End PBXNativeTarget section */

/* Begin PBXProject section */
		021B06CD279E6E540009046F /* Project object */ = {
			isa = PBXProject;
			attributes = {
				BuildIndependentTargetsInParallel = 1;
				LastSwiftUpdateCheck = 1320;
				LastUpgradeCheck = 1320;
				TargetAttributes = {
					021B06D4279E6E540009046F = {
						CreatedOnToolsVersion = 13.2.1;
					};
					021B06EA279E6E560009046F = {
						CreatedOnToolsVersion = 13.2.1;
						TestTargetID = 021B06D4279E6E540009046F;
					};
					021B06F4279E6E560009046F = {
						CreatedOnToolsVersion = 13.2.1;
						TestTargetID = 021B06D4279E6E540009046F;
					};
				};
			};
			buildConfigurationList = 021B06D0279E6E540009046F /* Build configuration list for PBXProject "ClassApp0" */;
			compatibilityVersion = "Xcode 13.0";
			developmentRegion = en;
			hasScannedForEncodings = 0;
			knownRegions = (
				en,
				Base,
			);
			mainGroup = 021B06CC279E6E540009046F;
			productRefGroup = 021B06D6279E6E540009046F /* Products */;
			projectDirPath = "";
			projectRoot = "";
			targets = (
				021B06D4279E6E540009046F /* ClassApp0 */,
				021B06EA279E6E560009046F /* ClassApp0Tests */,
				021B06F4279E6E560009046F /* ClassApp0UITests */,
			);
		};
/* End PBXProject section */

/* Begin PBXResourcesBuildPhase section */
		021B06D3279E6E540009046F /* Resources */ = {
			isa = PBXResourcesBuildPhase;
			buildActionMask = 2147483647;
			files = (
				021B06E5279E6E550009046F /* LaunchScreen.storyboard in Resources */,
				021B06E2279E6E550009046F /* Assets.xcassets in Resources */,
				021B06E0279E6E540009046F /* Main.storyboard in Resources */,
			);
			runOnlyForDeploymentPostprocessing = 0;
		};
		021B06E9279E6E560009046F /* Resources */ = {
			isa = PBXResourcesBuildPhase;
			buildActionMask = 2147483647;
			files = (
			);
			runOnlyForDeploymentPostprocessing = 0;
		};
		021B06F3279E6E560009046F /* Resources */ = {
			isa = PBXResourcesBuildPhase;
			buildActionMask = 2147483647;
			files = (
			);
			runOnlyForDeploymentPostprocessing = 0;
		};
/* End PBXResourcesBuildPhase section */

/* Begin PBXSourcesBuildPhase section */
		021B06D1279E6E540009046F /* Sources */ = {
			isa = PBXSourcesBuildPhase;
			buildActionMask = 2147483647;
			files = (
				021B06DD279E6E540009046F /* ViewController.swift in Sources */,
				021B06D9279E6E540009046F /* AppDelegate.swift in Sources */,
				021B06DB279E6E540009046F /* SceneDelegate.swift in Sources */,
			);
			runOnlyForDeploymentPostprocessing = 0;
		};
		021B06E7279E6E560009046F /* Sources */ = {
			isa = PBXSourcesBuildPhase;
			buildActionMask = 2147483647;
			files = (
				021B06F0279E6E560009046F /* ClassApp0Tests.swift in Sources */,
			);
			runOnlyForDeploymentPostprocessing = 0;
		};
		021B06F1279E6E560009046F /* Sources */ = {
			isa = PBXSourcesBuildPhase;
			buildActionMask = 2147483647;
			files = (
				021B06FC279E6E560009046F /* ClassApp0UITestsLaunchTests.swift in Sources */,
				021B06FA279E6E560009046F /* ClassApp0UITests.swift in Sources */,
			);
			runOnlyForDeploymentPostprocessing = 0;
		};
/* End PBXSourcesBuildPhase section */

/* Begin PBXTargetDependency section */
		021B06ED279E6E560009046F /* PBXTargetDependency */ = {
			isa = PBXTargetDependency;
			target = 021B06D4279E6E540009046F /* ClassApp0 */;
			targetProxy = 021B06EC279E6E560009046F /* PBXContainerItemProxy */;
		};
		021B06F7279E6E560009046F /* PBXTargetDependency */ = {
			isa = PBXTargetDependency;
			target = 021B06D4279E6E540009046F /* ClassApp0 */;
			targetProxy = 021B06F6279E6E560009046F /* PBXContainerItemProxy */;
		};
/* End PBXTargetDependency section */

/* Begin PBXVariantGroup section */
		021B06DE279E6E540009046F /* Main.storyboard */ = {
			isa = PBXVariantGroup;
			children = (
				021B06DF279E6E540009046F /* Base */,
			);
			name = Main.storyboard;
			sourceTree = "<group>";
		};
		021B06E3279E6E550009046F /* LaunchScreen.storyboard */ = {
			isa = PBXVariantGroup;
			children = (
				021B06E4279E6E550009046F /* Base */,
			);
			name = LaunchScreen.storyboard;
			sourceTree = "<group>";
		};
/* End PBXVariantGroup section */

/* Begin XCBuildConfiguration section */
		021B06FD279E6E560009046F /* Debug */ = {
			isa = XCBuildConfiguration;
			buildSettings = {
				ALWAYS_SEARCH_USER_PATHS = NO;
				CLANG_ANALYZER_NONNULL = YES;
				CLANG_ANALYZER_NUMBER_OBJECT_CONVERSION = YES_AGGRESSIVE;
				CLANG_CXX_LANGUAGE_STANDARD = "gnu++17";
				CLANG_CXX_LIBRARY = "libc++";
				CLANG_ENABLE_MODULES = YES;
				CLANG_ENABLE_OBJC_ARC = YES;
				CLANG_ENABLE_OBJC_WEAK = YES;
				CLANG_WARN_BLOCK_CAPTURE_AUTORELEASING = YES;
				CLANG_WARN_BOOL_CONVERSION = YES;
				CLANG_WARN_COMMA = YES;
				CLANG_WARN_CONSTANT_CONVERSION = YES;
				CLANG_WARN_DEPRECATED_OBJC_IMPLEMENTATIONS = YES;
				CLANG_WARN_DIRECT_OBJC_ISA_USAGE = YES_ERROR;
				CLANG_WARN_DOCUMENTATION_COMMENTS = YES;
				CLANG_WARN_EMPTY_BODY = YES;
				CLANG_WARN_ENUM_CONVERSION = YES;
				CLANG_WARN_INFINITE_RECURSION = YES;
				CLANG_WARN_INT_CONVERSION = YES;
				CLANG_WARN_NON_LITERAL_NULL_CONVERSION = YES;
				CLANG_WARN_OBJC_IMPLICIT_RETAIN_SELF = YES;
				CLANG_WARN_OBJC_LITERAL_CONVERSION = YES;
				CLANG_WARN_OBJC_ROOT_CLASS = YES_ERROR;
				CLANG_WARN_QUOTED_INCLUDE_IN_FRAMEWORK_HEADER = YES;
				CLANG_WARN_RANGE_LOOP_ANALYSIS = YES;
				CLANG_WARN_STRICT_PROTOTYPES = YES;
				CLANG_WARN_SUSPICIOUS_MOVE = YES;
				CLANG_WARN_UNGUARDED_AVAILABILITY = YES_AGGRESSIVE;
				CLANG_WARN_UNREACHABLE_CODE = YES;
				CLANG_WARN__DUPLICATE_METHOD_MATCH = YES;
				COPY_PHASE_STRIP = NO;
				DEBUG_INFORMATION_FORMAT = dwarf;
				ENABLE_STRICT_OBJC_MSGSEND = YES;
				ENABLE_TESTABILITY = YES;
				GCC_C_LANGUAGE_STANDARD = gnu11;
				GCC_DYNAMIC_NO_PIC = NO;
				GCC_NO_COMMON_BLOCKS = YES;
				GCC_OPTIMIZATION_LEVEL = 0;
				GCC_PREPROCESSOR_DEFINITIONS = (
					"DEBUG=1",
					"$(inherited)",
				);
				GCC_WARN_64_TO_32_BIT_CONVERSION = YES;
				GCC_WARN_ABOUT_RETURN_TYPE = YES_ERROR;
				GCC_WARN_UNDECLARED_SELECTOR = YES;
				GCC_WARN_UNINITIALIZED_AUTOS = YES_AGGRESSIVE;
				GCC_WARN_UNUSED_FUNCTION = YES;
				GCC_WARN_UNUSED_VARIABLE = YES;
				IPHONEOS_DEPLOYMENT_TARGET = 15.2;
				MTL_ENABLE_DEBUG_INFO = INCLUDE_SOURCE;
				MTL_FAST_MATH = YES;
				ONLY_ACTIVE_ARCH = YES;
				SDKROOT = iphoneos;
				SWIFT_ACTIVE_COMPILATION_CONDITIONS = DEBUG;
				SWIFT_OPTIMIZATION_LEVEL = "-Onone";
			};
			name = Debug;
		};
		021B06FE279E6E560009046F /* Release */ = {
			isa = XCBuildConfiguration;
			buildSettings = {
				ALWAYS_SEARCH_USER_PATHS = NO;
				CLANG_ANALYZER_NONNULL = YES;
				CLANG_ANALYZER_NUMBER_OBJECT_CONVERSION = YES_AGGRESSIVE;
				CLANG_CXX_LANGUAGE_STANDARD = "gnu++17";
				CLANG_CXX_LIBRARY = "libc++";
				CLANG_ENABLE_MODULES = YES;
				CLANG_ENABLE_OBJC_ARC = YES;
				CLANG_ENABLE_OBJC_WEAK = YES;
				CLANG_WARN_BLOCK_CAPTURE_AUTORELEASING = YES;
				CLANG_WARN_BOOL_CONVERSION = YES;
				CLANG_WARN_COMMA = YES;
				CLANG_WARN_CONSTANT_CONVERSION = YES;
				CLANG_WARN_DEPRECATED_OBJC_IMPLEMENTATIONS = YES;
				CLANG_WARN_DIRECT_OBJC_ISA_USAGE = YES_ERROR;
				CLANG_WARN_DOCUMENTATION_COMMENTS = YES;
				CLANG_WARN_EMPTY_BODY = YES;
				CLANG_WARN_ENUM_CONVERSION = YES;
				CLANG_WARN_INFINITE_RECURSION = YES;
				CLANG_WARN_INT_CONVERSION = YES;
				CLANG_WARN_NON_LITERAL_NULL_CONVERSION = YES;
				CLANG_WARN_OBJC_IMPLICIT_RETAIN_SELF = YES;
				CLANG_WARN_OBJC_LITERAL_CONVERSION = YES;
				CLANG_WARN_OBJC_ROOT_CLASS = YES_ERROR;
				CLANG_WARN_QUOTED_INCLUDE_IN_FRAMEWORK_HEADER = YES;
				CLANG_WARN_RANGE_LOOP_ANALYSIS = YES;
				CLANG_WARN_STRICT_PROTOTYPES = YES;
				CLANG_WARN_SUSPICIOUS_MOVE = YES;
				CLANG_WARN_UNGUARDED_AVAILABILITY = YES_AGGRESSIVE;
				CLANG_WARN_UNREACHABLE_CODE = YES;
				CLANG_WARN__DUPLICATE_METHOD_MATCH = YES;
				COPY_PHASE_STRIP = NO;
				DEBUG_INFORMATION_FORMAT = "dwarf-with-dsym";
				ENABLE_NS_ASSERTIONS = NO;
				ENABLE_STRICT_OBJC_MSGSEND = YES;
				GCC_C_LANGUAGE_STANDARD = gnu11;
				GCC_NO_COMMON_BLOCKS = YES;
				GCC_WARN_64_TO_32_BIT_CONVERSION = YES;
				GCC_WARN_ABOUT_RETURN_TYPE = YES_ERROR;
				GCC_WARN_UNDECLARED_SELECTOR = YES;
				GCC_WARN_UNINITIALIZED_AUTOS = YES_AGGRESSIVE;
				GCC_WARN_UNUSED_FUNCTION = YES;
				GCC_WARN_UNUSED_VARIABLE = YES;
				IPHONEOS_DEPLOYMENT_TARGET = 15.2;
				MTL_ENABLE_DEBUG_INFO = NO;
				MTL_FAST_MATH = YES;
				SDKROOT = iphoneos;
				SWIFT_COMPILATION_MODE = wholemodule;
				SWIFT_OPTIMIZATION_LEVEL = "-O";
				VALIDATE_PRODUCT = YES;
			};
			name = Release;
		};
		021B0700279E6E560009046F /* Debug */ = {
			isa = XCBuildConfiguration;
			buildSettings = {
				ASSETCATALOG_COMPILER_APPICON_NAME = AppIcon;
				ASSETCATALOG_COMPILER_GLOBAL_ACCENT_COLOR_NAME = AccentColor;
				CODE_SIGN_STYLE = Automatic;
				CURRENT_PROJECT_VERSION = 1;
				GENERATE_INFOPLIST_FILE = YES;
				INFOPLIST_FILE = ClassApp0/Info.plist;
				INFOPLIST_KEY_UIApplicationSupportsIndirectInputEvents = YES;
				INFOPLIST_KEY_UILaunchStoryboardName = LaunchScreen;
				INFOPLIST_KEY_UIMainStoryboardFile = Main;
				INFOPLIST_KEY_UISupportedInterfaceOrientations_iPad = "UIInterfaceOrientationPortrait UIInterfaceOrientationPortraitUpsideDown UIInterfaceOrientationLandscapeLeft UIInterfaceOrientationLandscapeRight";
				INFOPLIST_KEY_UISupportedInterfaceOrientations_iPhone = "UIInterfaceOrientationPortrait UIInterfaceOrientationLandscapeLeft UIInterfaceOrientationLandscapeRight";
				LD_RUNPATH_SEARCH_PATHS = (
					"$(inherited)",
					"@executable_path/Frameworks",
				);
				MARKETING_VERSION = 1.0;
				PRODUCT_BUNDLE_IDENTIFIER = class.ClassApp0;
				PRODUCT_NAME = "$(TARGET_NAME)";
				SWIFT_EMIT_LOC_STRINGS = YES;
				SWIFT_VERSION = 5.0;
				TARGETED_DEVICE_FAMILY = "1,2";
			};
			name = Debug;
		};
		021B0701279E6E560009046F /* Release */ = {
			isa = XCBuildConfiguration;
			buildSettings = {
				ASSETCATALOG_COMPILER_APPICON_NAME = AppIcon;
				ASSETCATALOG_COMPILER_GLOBAL_ACCENT_COLOR_NAME = AccentColor;
				CODE_SIGN_STYLE = Automatic;
				CURRENT_PROJECT_VERSION = 1;
				GENERATE_INFOPLIST_FILE = YES;
				INFOPLIST_FILE = ClassApp0/Info.plist;
				INFOPLIST_KEY_UIApplicationSupportsIndirectInputEvents = YES;
				INFOPLIST_KEY_UILaunchStoryboardName = LaunchScreen;
				INFOPLIST_KEY_UIMainStoryboardFile = Main;
				INFOPLIST_KEY_UISupportedInterfaceOrientations_iPad = "UIInterfaceOrientationPortrait UIInterfaceOrientationPortraitUpsideDown UIInterfaceOrientationLandscapeLeft UIInterfaceOrientationLandscapeRight";
				INFOPLIST_KEY_UISupportedInterfaceOrientations_iPhone = "UIInterfaceOrientationPortrait UIInterfaceOrientationLandscapeLeft UIInterfaceOrientationLandscapeRight";
				LD_RUNPATH_SEARCH_PATHS = (
					"$(inherited)",
					"@executable_path/Frameworks",
				);
				MARKETING_VERSION = 1.0;
				PRODUCT_BUNDLE_IDENTIFIER = class.ClassApp0;
				PRODUCT_NAME = "$(TARGET_NAME)";
				SWIFT_EMIT_LOC_STRINGS = YES;
				SWIFT_VERSION = 5.0;
				TARGETED_DEVICE_FAMILY = "1,2";
			};
			name = Release;
		};
		021B0703279E6E560009046F /* Debug */ = {
			isa = XCBuildConfiguration;
			buildSettings = {
				ALWAYS_EMBED_SWIFT_STANDARD_LIBRARIES = YES;
				BUNDLE_LOADER = "$(TEST_HOST)";
				CODE_SIGN_STYLE = Automatic;
				CURRENT_PROJECT_VERSION = 1;
				GENERATE_INFOPLIST_FILE = YES;
				IPHONEOS_DEPLOYMENT_TARGET = 15.2;
				MARKETING_VERSION = 1.0;
				PRODUCT_BUNDLE_IDENTIFIER = class.ClassApp0Tests;
				PRODUCT_NAME = "$(TARGET_NAME)";
				SWIFT_EMIT_LOC_STRINGS = NO;
				SWIFT_VERSION = 5.0;
				TARGETED_DEVICE_FAMILY = "1,2";
				TEST_HOST = "$(BUILT_PRODUCTS_DIR)/ClassApp0.app/ClassApp0";
			};
			name = Debug;
		};
		021B0704279E6E560009046F /* Release */ = {
			isa = XCBuildConfiguration;
			buildSettings = {
				ALWAYS_EMBED_SWIFT_STANDARD_LIBRARIES = YES;
				BUNDLE_LOADER = "$(TEST_HOST)";
				CODE_SIGN_STYLE = Automatic;
				CURRENT_PROJECT_VERSION = 1;
				GENERATE_INFOPLIST_FILE = YES;
				IPHONEOS_DEPLOYMENT_TARGET = 15.2;
				MARKETING_VERSION = 1.0;
				PRODUCT_BUNDLE_IDENTIFIER = class.ClassApp0Tests;
				PRODUCT_NAME = "$(TARGET_NAME)";
				SWIFT_EMIT_LOC_STRINGS = NO;
				SWIFT_VERSION = 5.0;
				TARGETED_DEVICE_FAMILY = "1,2";
				TEST_HOST = "$(BUILT_PRODUCTS_DIR)/ClassApp0.app/ClassApp0";
			};
			name = Release;
		};
		021B0706279E6E560009046F /* Debug */ = {
			isa = XCBuildConfiguration;
			buildSettings = {
				ALWAYS_EMBED_SWIFT_STANDARD_LIBRARIES = YES;
				CODE_SIGN_STYLE = Automatic;
				CURRENT_PROJECT_VERSION = 1;
				GENERATE_INFOPLIST_FILE = YES;
				MARKETING_VERSION = 1.0;
				PRODUCT_BUNDLE_IDENTIFIER = class.ClassApp0UITests;
				PRODUCT_NAME = "$(TARGET_NAME)";
				SWIFT_EMIT_LOC_STRINGS = NO;
				SWIFT_VERSION = 5.0;
				TARGETED_DEVICE_FAMILY = "1,2";
				TEST_TARGET_NAME = ClassApp0;
			};
			name = Debug;
		};
		021B0707279E6E560009046F /* Release */ = {
			isa = XCBuildConfiguration;
			buildSettings = {
				ALWAYS_EMBED_SWIFT_STANDARD_LIBRARIES = YES;
				CODE_SIGN_STYLE = Automatic;
				CURRENT_PROJECT_VERSION = 1;
				GENERATE_INFOPLIST_FILE = YES;
				MARKETING_VERSION = 1.0;
				PRODUCT_BUNDLE_IDENTIFIER = class.ClassApp0UITests;
				PRODUCT_NAME = "$(TARGET_NAME)";
				SWIFT_EMIT_LOC_STRINGS = NO;
				SWIFT_VERSION = 5.0;
				TARGETED_DEVICE_FAMILY = "1,2";
				TEST_TARGET_NAME = ClassApp0;
			};
			name = Release;
		};
/* End XCBuildConfiguration section */

/* Begin XCConfigurationList section */
		021B06D0279E6E540009046F /* Build configuration list for PBXProject "ClassApp0" */ = {
			isa = XCConfigurationList;
			buildConfigurations = (
				021B06FD279E6E560009046F /* Debug */,
				021B06FE279E6E560009046F /* Release */,
			);
			defaultConfigurationIsVisible = 0;
			defaultConfigurationName = Release;
		};
		021B06FF279E6E560009046F /* Build configuration list for PBXNativeTarget "ClassApp0" */ = {
			isa = XCConfigurationList;
			buildConfigurations = (
				021B0700279E6E560009046F /* Debug */,
				021B0701279E6E560009046F /* Release */,
			);
			defaultConfigurationIsVisible = 0;
			defaultConfigurationName = Release;
		};
		021B0702279E6E560009046F /* Build configuration list for PBXNativeTarget "ClassApp0Tests" */ = {
			isa = XCConfigurationList;
			buildConfigurations = (
				021B0703279E6E560009046F /* Debug */,
				021B0704279E6E560009046F /* Release */,
			);
			defaultConfigurationIsVisible = 0;
			defaultConfigurationName = Release;
		};
		021B0705279E6E560009046F /* Build configuration list for PBXNativeTarget "ClassApp0UITests" */ = {
			isa = XCConfigurationList;
			buildConfigurations = (
				021B0706279E6E560009046F /* Debug */,
				021B0707279E6E560009046F /* Release */,
			);
			defaultConfigurationIsVisible = 0;
			defaultConfigurationName = Release;
		};
/* End XCConfigurationList section */
	};
	rootObject = 021B06CD279E6E540009046F /* Project object */;
}
